
Microsoft Visual Studio Solution File, Format Version 12.00
# Visual Studio Version 17
VisualStudioVersion = 17.2.32630.192
MinimumVisualStudioVersion = 10.0.40219.1
Project("{FAE04EC0-301F-11D3-BF4B-00C04F79EFBC}") = "ConectDropBox", "ConectDropBox\ConectDropBox.csproj", "{CEEE6C27-7B65-49B6-AFE7-10F26E2D4627}"
EndProject
Global
	GlobalSection(SolutionConfigurationPlatforms) = preSolution
		Debug|Any CPU = Debug|Any CPU
		Release|Any CPU = Release|Any CPU
	EndGlobalSection
	GlobalSection(ProjectConfigurationPlatforms) = postSolution
		{CEEE6C27-7B65-49B6-AFE7-10F26E2D4627}.Debug|Any CPU.ActiveCfg = Debug|Any CPU
		{CEEE6C27-7B65-49B6-AFE7-10F26E2D4627}.Debug|Any CPU.Build.0 = Debug|Any CPU
		{CEEE6C27-7B65-49B6-AFE7-10F26E2D4627}.Release|Any CPU.ActiveCfg = Release|Any CPU
		{CEEE6C27-7B65-49B6-AFE7-10F26E2D4627}.Release|Any CPU.Build.0 = Release|Any CPU
	EndGlobalSection
	GlobalSection(SolutionProperties) = preSolution
		HideSolutionNode = FALSE
	EndGlobalSection
	GlobalSection(ExtensibilityGlobals) = postSolution
		SolutionGuid = {6A1CACC4-1C4E-4D86-A75D-8FD6F1C6323B}
	EndGlobalSection
EndGlobal
